
Microsoft Visual Studio Solution File, Format Version 12.00
# Visual Studio Version 17
VisualStudioVersion = 17.7.34024.191
MinimumVisualStudioVersion = 10.0.40219.1
Project("{9A19103F-16F7-4668-BE54-9A1E7A4F7556}") = "FruitApi", "FruitApi\FruitApi.csproj", "{914F68FC-D9F2-438B-907F-D8134A38B920}"
EndProject
Project("{FAE04EC0-301F-11D3-BF4B-00C04F79EFBC}") = "FruitApi.Test", "FruitApi.Test\FruitApi.Test.csproj", "{52BD6258-37FE-49DA-913B-A374E6588EA3}"
EndProject
Global
	GlobalSection(SolutionConfigurationPlatforms) = preSolution
		Debug|Any CPU = Debug|Any CPU
		Release|Any CPU = Release|Any CPU
	EndGlobalSection
	GlobalSection(ProjectConfigurationPlatforms) = postSolution
		{914F68FC-D9F2-438B-907F-D8134A38B920}.Debug|Any CPU.ActiveCfg = Debug|Any CPU
		{914F68FC-D9F2-438B-907F-D8134A38B920}.Debug|Any CPU.Build.0 = Debug|Any CPU
		{914F68FC-D9F2-438B-907F-D8134A38B920}.Release|Any CPU.ActiveCfg = Release|Any CPU
		{914F68FC-D9F2-438B-907F-D8134A38B920}.Release|Any CPU.Build.0 = Release|Any CPU
		{52BD6258-37FE-49DA-913B-A374E6588EA3}.Debug|Any CPU.ActiveCfg = Debug|Any CPU
		{52BD6258-37FE-49DA-913B-A374E6588EA3}.Debug|Any CPU.Build.0 = Debug|Any CPU
		{52BD6258-37FE-49DA-913B-A374E6588EA3}.Release|Any CPU.ActiveCfg = Release|Any CPU
		{52BD6258-37FE-49DA-913B-A374E6588EA3}.Release|Any CPU.Build.0 = Release|Any CPU
	EndGlobalSection
	GlobalSection(SolutionProperties) = preSolution
		HideSolutionNode = FALSE
	EndGlobalSection
	GlobalSection(ExtensibilityGlobals) = postSolution
		SolutionGuid = {1B957002-DE76-4A00-8567-5B23F5762CAF}
	EndGlobalSection
EndGlobal
